
Microsoft Visual Studio Solution File, Format Version 12.00
# Visual Studio Version 17
VisualStudioVersion = 17.0.32112.339
MinimumVisualStudioVersion = 10.0.40219.1
Project("{9A19103F-16F7-4668-BE54-9A1E7A4F7556}") = "GpsdApplication", "intensive-csharp-app\GpsdApplication.csproj", "{1CCA171C-470E-4392-AC2F-E323267EA395}"
EndProject
Project("{9A19103F-16F7-4668-BE54-9A1E7A4F7556}") = "GpsdUnitTests", "IntensiveUnitTests\GpsdUnitTests.csproj", "{282D583E-7F41-4495-B036-28B94BAD3B92}"
EndProject
Global
	GlobalSection(SolutionConfigurationPlatforms) = preSolution
		Debug|Any CPU = Debug|Any CPU
		Release|Any CPU = Release|Any CPU
	EndGlobalSection
	GlobalSection(ProjectConfigurationPlatforms) = postSolution
		{1CCA171C-470E-4392-AC2F-E323267EA395}.Debug|Any CPU.ActiveCfg = Debug|Any CPU
		{1CCA171C-470E-4392-AC2F-E323267EA395}.Debug|Any CPU.Build.0 = Debug|Any CPU
		{1CCA171C-470E-4392-AC2F-E323267EA395}.Release|Any CPU.ActiveCfg = Release|Any CPU
		{1CCA171C-470E-4392-AC2F-E323267EA395}.Release|Any CPU.Build.0 = Release|Any CPU
		{282D583E-7F41-4495-B036-28B94BAD3B92}.Debug|Any CPU.ActiveCfg = Debug|Any CPU
		{282D583E-7F41-4495-B036-28B94BAD3B92}.Debug|Any CPU.Build.0 = Debug|Any CPU
		{282D583E-7F41-4495-B036-28B94BAD3B92}.Release|Any CPU.ActiveCfg = Release|Any CPU
		{282D583E-7F41-4495-B036-28B94BAD3B92}.Release|Any CPU.Build.0 = Release|Any CPU
	EndGlobalSection
	GlobalSection(SolutionProperties) = preSolution
		HideSolutionNode = FALSE
	EndGlobalSection
	GlobalSection(ExtensibilityGlobals) = postSolution
		SolutionGuid = {014856F4-5D12-49ED-9017-1DFE9891B52C}
	EndGlobalSection
EndGlobal
